# This file is automatically @generated by Poetry 2.1.4 and should not be changed by hand.

[[package]]
name = "yt-dlp"
version = "2025.5.22"
description = "A feature-rich command-line audio/video downloader"
optional = false
python-versions = ">=3.9"
groups = ["main"]
files = [
    {file = "yt_dlp-2025.5.22-py3-none-any.whl", hash = "sha256:a49c4b76afeaded6254c3e2b759d8d5a13271aa963d5fccb51fe059d1c313151"},
    {file = "yt_dlp-2025.5.22.tar.gz", hash = "sha256:ea73854c5dabc124f29a35a8fae9bc5d422ef3231bebeea2bdfa82ac191a9c29"},
]

[package.extras]
build = ["build", "hatchling", "pip", "setuptools (>=71.0.2)", "wheel"]
curl-cffi = ["curl-cffi (>=0.5.10,<0.6.dev0 || ==0.10.*) ; implementation_name == \"cpython\""]
default = ["brotli ; implementation_name == \"cpython\"", "brotlicffi ; implementation_name != \"cpython\"", "certifi", "mutagen", "pycryptodomex", "requests (>=2.32.2,<3)", "urllib3 (>=1.26.17,<3)", "websockets (>=13.0)"]
dev = ["autopep8 (>=2.0,<3.0)", "pre-commit", "pytest (>=8.1,<9.0)", "pytest-rerunfailures (>=14.0,<15.0)", "ruff (>=0.11.0,<0.12.0)"]
pyinstaller = ["pyinstaller (>=6.13.0)"]
secretstorage = ["cffi", "secretstorage"]
static-analysis = ["autopep8 (>=2.0,<3.0)", "ruff (>=0.11.0,<0.12.0)"]
test = ["pytest (>=8.1,<9.0)", "pytest-rerunfailures (>=14.0,<15.0)"]

[metadata]
lock-version = "2.1"
python-versions = "^3.9"
content-hash = "24aad8661fabd38574ea2606e5c098236cece408cd7e21ca4135d0ddf9e1cc37"
